// !$*UTF8*$!
{
	archiveVersion = 1;
	classes = {
	};
	objectVersion = 56;
	objects = {

/* Begin PBXBuildFile section */
		400743E12993FC89002A2EEB /* Buttons.swift in Sources */ = {isa = PBXBuildFile; fileRef = 400743E02993FC89002A2EEB /* Buttons.swift */; };
		400743E5299D2FE5002A2EEB /* DeweyView.swift in Sources */ = {isa = PBXBuildFile; fileRef = 400743E4299D2FE5002A2EEB /* DeweyView.swift */; };
		400743E7299D2FF0002A2EEB /* FictionView.swift in Sources */ = {isa = PBXBuildFile; fileRef = 400743E6299D2FF0002A2EEB /* FictionView.swift */; };
		400743E9299D3046002A2EEB /* HowToPlay.swift in Sources */ = {isa = PBXBuildFile; fileRef = 400743E8299D3046002A2EEB /* HowToPlay.swift */; };
		400743ED29AD045F002A2EEB /* CertificateView.swift in Sources */ = {isa = PBXBuildFile; fileRef = 400743EC29AD045F002A2EEB /* CertificateView.swift */; };
		E31BFF34298C11D400F213D2 /* Library_ShelverApp.swift in Sources */ = {isa = PBXBuildFile; fileRef = E31BFF33298C11D400F213D2 /* Library_ShelverApp.swift */; };
		E31BFF36298C11D400F213D2 /* ContentView.swift in Sources */ = {isa = PBXBuildFile; fileRef = E31BFF35298C11D400F213D2 /* ContentView.swift */; };
		E31BFF38298C11D700F213D2 /* Assets.xcassets in Resources */ = {isa = PBXBuildFile; fileRef = E31BFF37298C11D700F213D2 /* Assets.xcassets */; };
		E31BFF3B298C11D700F213D2 /* Preview Assets.xcassets in Resources */ = {isa = PBXBuildFile; fileRef = E31BFF3A298C11D700F213D2 /* Preview Assets.xcassets */; };
		E31BFF44298D5F9D00F213D2 /* Book.swift in Sources */ = {isa = PBXBuildFile; fileRef = E31BFF43298D5F9D00F213D2 /* Book.swift */; };
		E331CD1729B67A19009014C3 /* bookList.json in Resources */ = {isa = PBXBuildFile; fileRef = E331CD1629B67A19009014C3 /* bookList.json */; };
		E331CD1B29B8E6CC009014C3 /* Sticker.swift in Sources */ = {isa = PBXBuildFile; fileRef = E331CD1A29B8E6CC009014C3 /* Sticker.swift */; };
		E331CD1F29C0C489009014C3 /* JSONreader.swift in Sources */ = {isa = PBXBuildFile; fileRef = E331CD1E29C0C488009014C3 /* JSONreader.swift */; };
		E39DDAB529915ADC00D81486 /* ShelfView.swift in Sources */ = {isa = PBXBuildFile; fileRef = E39DDAB429915ADC00D81486 /* ShelfView.swift */; };
/* End PBXBuildFile section */

/* Begin PBXFileReference section */
		400743E02993FC89002A2EEB /* Buttons.swift */ = {isa = PBXFileReference; lastKnownFileType = sourcecode.swift; path = Buttons.swift; sourceTree = "<group>"; };
		400743E4299D2FE5002A2EEB /* DeweyView.swift */ = {isa = PBXFileReference; lastKnownFileType = sourcecode.swift; path = DeweyView.swift; sourceTree = "<group>"; };
		400743E6299D2FF0002A2EEB /* FictionView.swift */ = {isa = PBXFileReference; lastKnownFileType = sourcecode.swift; path = FictionView.swift; sourceTree = "<group>"; };
		400743E8299D3046002A2EEB /* HowToPlay.swift */ = {isa = PBXFileReference; lastKnownFileType = sourcecode.swift; path = HowToPlay.swift; sourceTree = "<group>"; };
		400743EC29AD045F002A2EEB /* CertificateView.swift */ = {isa = PBXFileReference; lastKnownFileType = sourcecode.swift; path = CertificateView.swift; sourceTree = "<group>"; };
		E31BFF30298C11D400F213D2 /* Library Shelver.app */ = {isa = PBXFileReference; explicitFileType = wrapper.application; includeInIndex = 0; path = "Library Shelver.app"; sourceTree = BUILT_PRODUCTS_DIR; };
		E31BFF33298C11D400F213D2 /* Library_ShelverApp.swift */ = {isa = PBXFileReference; lastKnownFileType = sourcecode.swift; path = Library_ShelverApp.swift; sourceTree = "<group>"; };
		E31BFF35298C11D400F213D2 /* ContentView.swift */ = {isa = PBXFileReference; lastKnownFileType = sourcecode.swift; path = ContentView.swift; sourceTree = "<group>"; };
		E31BFF37298C11D700F213D2 /* Assets.xcassets */ = {isa = PBXFileReference; lastKnownFileType = folder.assetcatalog; path = Assets.xcassets; sourceTree = "<group>"; };
		E31BFF3A298C11D700F213D2 /* Preview Assets.xcassets */ = {isa = PBXFileReference; lastKnownFileType = folder.assetcatalog; path = "Preview Assets.xcassets"; sourceTree = "<group>"; };
		E31BFF43298D5F9D00F213D2 /* Book.swift */ = {isa = PBXFileReference; lastKnownFileType = sourcecode.swift; path = Book.swift; sourceTree = "<group>"; };
		E331CD1629B67A19009014C3 /* bookList.json */ = {isa = PBXFileReference; fileEncoding = 4; lastKnownFileType = text.json; path = bookList.json; sourceTree = "<group>"; };
		E331CD1A29B8E6CC009014C3 /* Sticker.swift */ = {isa = PBXFileReference; lastKnownFileType = sourcecode.swift; path = Sticker.swift; sourceTree = "<group>"; };
		E331CD1E29C0C488009014C3 /* JSONreader.swift */ = {isa = PBXFileReference; lastKnownFileType = sourcecode.swift; path = JSONreader.swift; sourceTree = "<group>"; };
		E39DDAB429915ADC00D81486 /* ShelfView.swift */ = {isa = PBXFileReference; lastKnownFileType = sourcecode.swift; path = ShelfView.swift; sourceTree = "<group>"; };
/* End PBXFileReference section */

/* Begin PBXFrameworksBuildPhase section */
		E31BFF2D298C11D400F213D2 /* Frameworks */ = {
			isa = PBXFrameworksBuildPhase;
			buildActionMask = 2147483647;
			files = (
			);
			runOnlyForDeploymentPostprocessing = 0;
		};
/* End PBXFrameworksBuildPhase section */

/* Begin PBXGroup section */
		400743DF2993FC39002A2EEB /* Components */ = {
			isa = PBXGroup;
			children = (
				400743E02993FC89002A2EEB /* Buttons.swift */,
			);
			path = Components;
			sourceTree = "<group>";
		};
		E31BFF27298C11D400F213D2 = {
			isa = PBXGroup;
			children = (
				E31BFF32298C11D400F213D2 /* Library Shelver */,
				E31BFF31298C11D400F213D2 /* Products */,
			);
			sourceTree = "<group>";
		};
		E31BFF31298C11D400F213D2 /* Products */ = {
			isa = PBXGroup;
			children = (
				E31BFF30298C11D400F213D2 /* Library Shelver.app */,
			);
			name = Products;
			sourceTree = "<group>";
		};
		E31BFF32298C11D400F213D2 /* Library Shelver */ = {
			isa = PBXGroup;
			children = (
				400743DF2993FC39002A2EEB /* Components */,
				E31BFF42298D5F7300F213D2 /* Models */,
				E31BFF41298D5F6700F213D2 /* Views */,
				E31BFF37298C11D700F213D2 /* Assets.xcassets */,
				E31BFF39298C11D700F213D2 /* Preview Content */,
			);
			path = "Library Shelver";
			sourceTree = "<group>";
		};
		E31BFF39298C11D700F213D2 /* Preview Content */ = {
			isa = PBXGroup;
			children = (
				E31BFF3A298C11D700F213D2 /* Preview Assets.xcassets */,
			);
			path = "Preview Content";
			sourceTree = "<group>";
		};
		E31BFF41298D5F6700F213D2 /* Views */ = {
			isa = PBXGroup;
			children = (
				E31BFF35298C11D400F213D2 /* ContentView.swift */,
				E39DDAB429915ADC00D81486 /* ShelfView.swift */,
				400743EC29AD045F002A2EEB /* CertificateView.swift */,
				400743E4299D2FE5002A2EEB /* DeweyView.swift */,
				400743E6299D2FF0002A2EEB /* FictionView.swift */,
				400743E8299D3046002A2EEB /* HowToPlay.swift */,
				E31BFF33298C11D400F213D2 /* Library_ShelverApp.swift */,
			);
			path = Views;
			sourceTree = "<group>";
		};
		E31BFF42298D5F7300F213D2 /* Models */ = {
			isa = PBXGroup;
			children = (
				E31BFF43298D5F9D00F213D2 /* Book.swift */,
				E331CD1629B67A19009014C3 /* bookList.json */,
				E331CD1A29B8E6CC009014C3 /* Sticker.swift */,
				E331CD1E29C0C488009014C3 /* JSONreader.swift */,
			);
			path = Models;
			sourceTree = "<group>";
		};
/* End PBXGroup section */

/* Begin PBXNativeTarget section */
		E31BFF2F298C11D400F213D2 /* Library Shelver */ = {
			isa = PBXNativeTarget;
			buildConfigurationList = E31BFF3E298C11D700F213D2 /* Build configuration list for PBXNativeTarget "Library Shelver" */;
			buildPhases = (
				E31BFF2C298C11D400F213D2 /* Sources */,
				E31BFF2D298C11D400F213D2 /* Frameworks */,
				E31BFF2E298C11D400F213D2 /* Resources */,
			);
			buildRules = (
			);
			dependencies = (
			);
			name = "Library Shelver";
			productName = "Library Shelver";
			productReference = E31BFF30298C11D400F213D2 /* Library Shelver.app */;
			productType = "com.apple.product-type.application";
		};
/* End PBXNativeTarget section */

/* Begin PBXProject section */
		E31BFF28298C11D400F213D2 /* Project object */ = {
			isa = PBXProject;
			attributes = {
				BuildIndependentTargetsInParallel = 1;
				LastSwiftUpdateCheck = 1400;
				LastUpgradeCheck = 1400;
				TargetAttributes = {
					E31BFF2F298C11D400F213D2 = {
						CreatedOnToolsVersion = 14.0;
					};
				};
			};
			buildConfigurationList = E31BFF2B298C11D400F213D2 /* Build configuration list for PBXProject "Library Shelver" */;
			compatibilityVersion = "Xcode 14.0";
			developmentRegion = en;
			hasScannedForEncodings = 0;
			knownRegions = (
				en,
				Base,
			);
			mainGroup = E31BFF27298C11D400F213D2;
			productRefGroup = E31BFF31298C11D400F213D2 /* Products */;
			projectDirPath = "";
			projectRoot = "";
			targets = (
				E31BFF2F298C11D400F213D2 /* Library Shelver */,
			);
		};
/* End PBXProject section */

/* Begin PBXResourcesBuildPhase section */
		E31BFF2E298C11D400F213D2 /* Resources */ = {
			isa = PBXResourcesBuildPhase;
			buildActionMask = 2147483647;
			files = (
				E331CD1729B67A19009014C3 /* bookList.json in Resources */,
				E31BFF3B298C11D700F213D2 /* Preview Assets.xcassets in Resources */,
				E31BFF38298C11D700F213D2 /* Assets.xcassets in Resources */,
			);
			runOnlyForDeploymentPostprocessing = 0;
		};
/* End PBXResourcesBuildPhase section */

/* Begin PBXSourcesBuildPhase section */
		E31BFF2C298C11D400F213D2 /* Sources */ = {
			isa = PBXSourcesBuildPhase;
			buildActionMask = 2147483647;
			files = (
				400743E12993FC89002A2EEB /* Buttons.swift in Sources */,
				400743E9299D3046002A2EEB /* HowToPlay.swift in Sources */,
				E31BFF36298C11D400F213D2 /* ContentView.swift in Sources */,
				E331CD1F29C0C489009014C3 /* JSONreader.swift in Sources */,
				E31BFF34298C11D400F213D2 /* Library_ShelverApp.swift in Sources */,
				E31BFF44298D5F9D00F213D2 /* Book.swift in Sources */,
				400743ED29AD045F002A2EEB /* CertificateView.swift in Sources */,
				E331CD1B29B8E6CC009014C3 /* Sticker.swift in Sources */,
				E39DDAB529915ADC00D81486 /* ShelfView.swift in Sources */,
				400743E7299D2FF0002A2EEB /* FictionView.swift in Sources */,
				400743E5299D2FE5002A2EEB /* DeweyView.swift in Sources */,
			);
			runOnlyForDeploymentPostprocessing = 0;
		};
/* End PBXSourcesBuildPhase section */

/* Begin XCBuildConfiguration section */
		E31BFF3C298C11D700F213D2 /* Debug */ = {
			isa = XCBuildConfiguration;
			buildSettings = {
				ALWAYS_SEARCH_USER_PATHS = NO;
				CLANG_ANALYZER_NONNULL = YES;
				CLANG_ANALYZER_NUMBER_OBJECT_CONVERSION = YES_AGGRESSIVE;
				CLANG_CXX_LANGUAGE_STANDARD = "gnu++20";
				CLANG_ENABLE_MODULES = YES;
				CLANG_ENABLE_OBJC_ARC = YES;
				CLANG_ENABLE_OBJC_WEAK = YES;
				CLANG_WARN_BLOCK_CAPTURE_AUTORELEASING = YES;
				CLANG_WARN_BOOL_CONVERSION = YES;
				CLANG_WARN_COMMA = YES;
				CLANG_WARN_CONSTANT_CONVERSION = YES;
				CLANG_WARN_DEPRECATED_OBJC_IMPLEMENTATIONS = YES;
				CLANG_WARN_DIRECT_OBJC_ISA_USAGE = YES_ERROR;
				CLANG_WARN_DOCUMENTATION_COMMENTS = YES;
				CLANG_WARN_EMPTY_BODY = YES;
				CLANG_WARN_ENUM_CONVERSION = YES;
				CLANG_WARN_INFINITE_RECURSION = YES;
				CLANG_WARN_INT_CONVERSION = YES;
				CLANG_WARN_NON_LITERAL_NULL_CONVERSION = YES;
				CLANG_WARN_OBJC_IMPLICIT_RETAIN_SELF = YES;
				CLANG_WARN_OBJC_LITERAL_CONVERSION = YES;
				CLANG_WARN_OBJC_ROOT_CLASS = YES_ERROR;
				CLANG_WARN_QUOTED_INCLUDE_IN_FRAMEWORK_HEADER = YES;
				CLANG_WARN_RANGE_LOOP_ANALYSIS = YES;
				CLANG_WARN_STRICT_PROTOTYPES = YES;
				CLANG_WARN_SUSPICIOUS_MOVE = YES;
				CLANG_WARN_UNGUARDED_AVAILABILITY = YES_AGGRESSIVE;
				CLANG_WARN_UNREACHABLE_CODE = YES;
				CLANG_WARN__DUPLICATE_METHOD_MATCH = YES;
				COPY_PHASE_STRIP = NO;
				DEBUG_INFORMATION_FORMAT = dwarf;
				ENABLE_STRICT_OBJC_MSGSEND = YES;
				ENABLE_TESTABILITY = YES;
				GCC_C_LANGUAGE_STANDARD = gnu11;
				GCC_DYNAMIC_NO_PIC = NO;
				GCC_NO_COMMON_BLOCKS = YES;
				GCC_OPTIMIZATION_LEVEL = 0;
				GCC_PREPROCESSOR_DEFINITIONS = (
					"DEBUG=1",
					"$(inherited)",
				);
				GCC_WARN_64_TO_32_BIT_CONVERSION = YES;
				GCC_WARN_ABOUT_RETURN_TYPE = YES_ERROR;
				GCC_WARN_UNDECLARED_SELECTOR = YES;
				GCC_WARN_UNINITIALIZED_AUTOS = YES_AGGRESSIVE;
				GCC_WARN_UNUSED_FUNCTION = YES;
				GCC_WARN_UNUSED_VARIABLE = YES;
				IPHONEOS_DEPLOYMENT_TARGET = 16.0;
				MTL_ENABLE_DEBUG_INFO = INCLUDE_SOURCE;
				MTL_FAST_MATH = YES;
				ONLY_ACTIVE_ARCH = YES;
				SDKROOT = iphoneos;
				SWIFT_ACTIVE_COMPILATION_CONDITIONS = DEBUG;
				SWIFT_OPTIMIZATION_LEVEL = "-Onone";
			};
			name = Debug;
		};
		E31BFF3D298C11D700F213D2 /* Release */ = {
			isa = XCBuildConfiguration;
			buildSettings = {
				ALWAYS_SEARCH_USER_PATHS = NO;
				CLANG_ANALYZER_NONNULL = YES;
				CLANG_ANALYZER_NUMBER_OBJECT_CONVERSION = YES_AGGRESSIVE;
				CLANG_CXX_LANGUAGE_STANDARD = "gnu++20";
				CLANG_ENABLE_MODULES = YES;
				CLANG_ENABLE_OBJC_ARC = YES;
				CLANG_ENABLE_OBJC_WEAK = YES;
				CLANG_WARN_BLOCK_CAPTURE_AUTORELEASING = YES;
				CLANG_WARN_BOOL_CONVERSION = YES;
				CLANG_WARN_COMMA = YES;
				CLANG_WARN_CONSTANT_CONVERSION = YES;
				CLANG_WARN_DEPRECATED_OBJC_IMPLEMENTATIONS = YES;
				CLANG_WARN_DIRECT_OBJC_ISA_USAGE = YES_ERROR;
				CLANG_WARN_DOCUMENTATION_COMMENTS = YES;
				CLANG_WARN_EMPTY_BODY = YES;
				CLANG_WARN_ENUM_CONVERSION = YES;
				CLANG_WARN_INFINITE_RECURSION = YES;
				CLANG_WARN_INT_CONVERSION = YES;
				CLANG_WARN_NON_LITERAL_NULL_CONVERSION = YES;
				CLANG_WARN_OBJC_IMPLICIT_RETAIN_SELF = YES;
				CLANG_WARN_OBJC_LITERAL_CONVERSION = YES;
				CLANG_WARN_OBJC_ROOT_CLASS = YES_ERROR;
				CLANG_WARN_QUOTED_INCLUDE_IN_FRAMEWORK_HEADER = YES;
				CLANG_WARN_RANGE_LOOP_ANALYSIS = YES;
				CLANG_WARN_STRICT_PROTOTYPES = YES;
				CLANG_WARN_SUSPICIOUS_MOVE = YES;
				CLANG_WARN_UNGUARDED_AVAILABILITY = YES_AGGRESSIVE;
				CLANG_WARN_UNREACHABLE_CODE = YES;
				CLANG_WARN__DUPLICATE_METHOD_MATCH = YES;
				COPY_PHASE_STRIP = NO;
				DEBUG_INFORMATION_FORMAT = "dwarf-with-dsym";
				ENABLE_NS_ASSERTIONS = NO;
				ENABLE_STRICT_OBJC_MSGSEND = YES;
				GCC_C_LANGUAGE_STANDARD = gnu11;
				GCC_NO_COMMON_BLOCKS = YES;
				GCC_WARN_64_TO_32_BIT_CONVERSION = YES;
				GCC_WARN_ABOUT_RETURN_TYPE = YES_ERROR;
				GCC_WARN_UNDECLARED_SELECTOR = YES;
				GCC_WARN_UNINITIALIZED_AUTOS = YES_AGGRESSIVE;
				GCC_WARN_UNUSED_FUNCTION = YES;
				GCC_WARN_UNUSED_VARIABLE = YES;
				IPHONEOS_DEPLOYMENT_TARGET = 16.0;
				MTL_ENABLE_DEBUG_INFO = NO;
				MTL_FAST_MATH = YES;
				SDKROOT = iphoneos;
				SWIFT_COMPILATION_MODE = wholemodule;
				SWIFT_OPTIMIZATION_LEVEL = "-O";
				VALIDATE_PRODUCT = YES;
			};
			name = Release;
		};
		E31BFF3F298C11D700F213D2 /* Debug */ = {
			isa = XCBuildConfiguration;
			buildSettings = {
				ASSETCATALOG_COMPILER_APPICON_NAME = AppIcon;
				ASSETCATALOG_COMPILER_GLOBAL_ACCENT_COLOR_NAME = AccentColor;
				CODE_SIGN_STYLE = Automatic;
				CURRENT_PROJECT_VERSION = 1;
				DEVELOPMENT_ASSET_PATHS = "\"Library Shelver/Preview Content\"";
				DEVELOPMENT_TEAM = FH76A842AA;
				ENABLE_PREVIEWS = YES;
				GENERATE_INFOPLIST_FILE = YES;
				INFOPLIST_KEY_UIApplicationSceneManifest_Generation = YES;
				INFOPLIST_KEY_UIApplicationSupportsIndirectInputEvents = YES;
				INFOPLIST_KEY_UILaunchScreen_Generation = YES;
				INFOPLIST_KEY_UISupportedInterfaceOrientations = "UIInterfaceOrientationLandscapeLeft UIInterfaceOrientationLandscapeRight";
				LD_RUNPATH_SEARCH_PATHS = (
					"$(inherited)",
					"@executable_path/Frameworks",
				);
				MARKETING_VERSION = 1.0;
				PRODUCT_BUNDLE_IDENTIFIER = "awhite.Library-Shelver";
				PRODUCT_NAME = "$(TARGET_NAME)";
				SWIFT_EMIT_LOC_STRINGS = YES;
				SWIFT_VERSION = 5.0;
				TARGETED_DEVICE_FAMILY = "1,2";
			};
			name = Debug;
		};
		E31BFF40298C11D700F213D2 /* Release */ = {
			isa = XCBuildConfiguration;
			buildSettings = {
				ASSETCATALOG_COMPILER_APPICON_NAME = AppIcon;
				ASSETCATALOG_COMPILER_GLOBAL_ACCENT_COLOR_NAME = AccentColor;
				CODE_SIGN_STYLE = Automatic;
				CURRENT_PROJECT_VERSION = 1;
				DEVELOPMENT_ASSET_PATHS = "\"Library Shelver/Preview Content\"";
				DEVELOPMENT_TEAM = FH76A842AA;
				ENABLE_PREVIEWS = YES;
				GENERATE_INFOPLIST_FILE = YES;
				INFOPLIST_KEY_UIApplicationSceneManifest_Generation = YES;
				INFOPLIST_KEY_UIApplicationSupportsIndirectInputEvents = YES;
				INFOPLIST_KEY_UILaunchScreen_Generation = YES;
				INFOPLIST_KEY_UISupportedInterfaceOrientations = "UIInterfaceOrientationLandscapeLeft UIInterfaceOrientationLandscapeRight";
				LD_RUNPATH_SEARCH_PATHS = (
					"$(inherited)",
					"@executable_path/Frameworks",
				);
				MARKETING_VERSION = 1.0;
				PRODUCT_BUNDLE_IDENTIFIER = "awhite.Library-Shelver";
				PRODUCT_NAME = "$(TARGET_NAME)";
				SWIFT_EMIT_LOC_STRINGS = YES;
				SWIFT_VERSION = 5.0;
				TARGETED_DEVICE_FAMILY = "1,2";
			};
			name = Release;
		};
/* End XCBuildConfiguration section */

/* Begin XCConfigurationList section */
		E31BFF2B298C11D400F213D2 /* Build configuration list for PBXProject "Library Shelver" */ = {
			isa = XCConfigurationList;
			buildConfigurations = (
				E31BFF3C298C11D700F213D2 /* Debug */,
				E31BFF3D298C11D700F213D2 /* Release */,
			);
			defaultConfigurationIsVisible = 0;
			defaultConfigurationName = Release;
		};
		E31BFF3E298C11D700F213D2 /* Build configuration list for PBXNativeTarget "Library Shelver" */ = {
			isa = XCConfigurationList;
			buildConfigurations = (
				E31BFF3F298C11D700F213D2 /* Debug */,
				E31BFF40298C11D700F213D2 /* Release */,
			);
			defaultConfigurationIsVisible = 0;
			defaultConfigurationName = Release;
		};
/* End XCConfigurationList section */
	};
	rootObject = E31BFF28298C11D400F213D2 /* Project object */;
}
